
Microsoft Visual Studio Solution File, Format Version 12.00
Project("{2150E333-8FDC-42A3-9474-1A3956D46DE8}") = "src", "src", "{008988ED-0A3B-4272-BCC3-7B4110699345}"
EndProject
Project("{2150E333-8FDC-42A3-9474-1A3956D46DE8}") = "test", "test", "{CFC8ECB3-5248-46CD-A56C-EC088F2A3804}"
EndProject
Project("{FAE04EC0-301F-11D3-BF4B-00C04F79EFBC}") = "Cnblogs.DashScope.Sdk", "src\Cnblogs.DashScope.Sdk\Cnblogs.DashScope.Sdk.csproj", "{FA6A118A-8D26-4B7A-9952-8504B8A0025B}"
EndProject
Project("{FAE04EC0-301F-11D3-BF4B-00C04F79EFBC}") = "Cnblogs.DashScope.Sdk.UnitTests", "test\Cnblogs.DashScope.Sdk.UnitTests\Cnblogs.DashScope.Sdk.UnitTests.csproj", "{BC102292-E664-47F5-B0C7-C4D7A2301002}"
EndProject
Project("{2150E333-8FDC-42A3-9474-1A3956D46DE8}") = "sample", "sample", "{2E15D1EC-4A07-416E-8BE6-D907F509FD35}"
EndProject
Project("{FAE04EC0-301F-11D3-BF4B-00C04F79EFBC}") = "Cnblogs.DashScope.Sample", "sample\Cnblogs.DashScope.Sample\Cnblogs.DashScope.Sample.csproj", "{8885149A-78F0-4C8E-B9AA-87A46EA69219}"
EndProject
Project("{FAE04EC0-301F-11D3-BF4B-00C04F79EFBC}") = "Cnblogs.DashScope.AspNetCore", "src\Cnblogs.DashScope.AspNetCore\Cnblogs.DashScope.AspNetCore.csproj", "{C910495B-87AB-4AC1-989C-B6720695A139}"
EndProject
Project("{FAE04EC0-301F-11D3-BF4B-00C04F79EFBC}") = "Cnblogs.DashScope.Core", "src\Cnblogs.DashScope.Core\Cnblogs.DashScope.Core.csproj", "{CC389455-A3EA-4F09-B524-4DC351A1E1AA}"
EndProject
Project("{FAE04EC0-301F-11D3-BF4B-00C04F79EFBC}") = "Cnblogs.DashScope.Sdk.SnapshotGenerator", "test\Cnblogs.DashScope.Sdk.SnapshotGenerator\Cnblogs.DashScope.Sdk.SnapshotGenerator.csproj", "{5088DE77-1CE3-46FB-B9D0-27A6C9A5EED1}"
EndProject
Project("{FAE04EC0-301F-11D3-BF4B-00C04F79EFBC}") = "Cnblogs.DashScope.AI", "src\Cnblogs.DashScope.AI\Cnblogs.DashScope.AI.csproj", "{5D5AD75A-8084-4738-AC56-B8A23E649452}"
EndProject
Project("{FAE04EC0-301F-11D3-BF4B-00C04F79EFBC}") = "Cnblogs.DashScope.AI.UnitTests", "test\Cnblogs.DashScope.AI.UnitTests\Cnblogs.DashScope.AI.UnitTests.csproj", "{25EE79E1-147B-42FD-AFEA-E1550EDD1D36}"
EndProject
Project("{FAE04EC0-301F-11D3-BF4B-00C04F79EFBC}") = "Cnblogs.DashScope.Tests.Shared", "test\Cnblogs.DashScope.Tests.Shared\Cnblogs.DashScope.Tests.Shared.csproj", "{06F0AF23-445B-4C6F-9E19-570DA9B7435D}"
EndProject
Project("{FAE04EC0-301F-11D3-BF4B-00C04F79EFBC}") = "Cnblogs.DashScope.WebSample", "sample\Cnblogs.DashScope.WebSample\Cnblogs.DashScope.WebSample.csproj", "{A3BC8B2D-BE81-4614-963B-9313F74D89B4}"
EndProject
Project("{FAE04EC0-301F-11D3-BF4B-00C04F79EFBC}") = "Cnblogs.DashScope.WebSample.Client", "sample\Cnblogs.DashScope.WebSample.Client\Cnblogs.DashScope.WebSample.Client.csproj", "{FA6E73D6-32C4-453A-88C5-00E1AFFE1397}"
EndProject
Global
	GlobalSection(SolutionConfigurationPlatforms) = preSolution
		Debug|Any CPU = Debug|Any CPU
		Release|Any CPU = Release|Any CPU
	EndGlobalSection
	GlobalSection(NestedProjects) = preSolution
		{FA6A118A-8D26-4B7A-9952-8504B8A0025B} = {008988ED-0A3B-4272-BCC3-7B4110699345}
		{BC102292-E664-47F5-B0C7-C4D7A2301002} = {CFC8ECB3-5248-46CD-A56C-EC088F2A3804}
		{8885149A-78F0-4C8E-B9AA-87A46EA69219} = {2E15D1EC-4A07-416E-8BE6-D907F509FD35}
		{C910495B-87AB-4AC1-989C-B6720695A139} = {008988ED-0A3B-4272-BCC3-7B4110699345}
		{CC389455-A3EA-4F09-B524-4DC351A1E1AA} = {008988ED-0A3B-4272-BCC3-7B4110699345}
		{5088DE77-1CE3-46FB-B9D0-27A6C9A5EED1} = {CFC8ECB3-5248-46CD-A56C-EC088F2A3804}
		{5D5AD75A-8084-4738-AC56-B8A23E649452} = {008988ED-0A3B-4272-BCC3-7B4110699345}
		{A3BC8B2D-BE81-4614-963B-9313F74D89B4} = {2E15D1EC-4A07-416E-8BE6-D907F509FD35}
		{FA6E73D6-32C4-453A-88C5-00E1AFFE1397} = {2E15D1EC-4A07-416E-8BE6-D907F509FD35}
		{25EE79E1-147B-42FD-AFEA-E1550EDD1D36} = {CFC8ECB3-5248-46CD-A56C-EC088F2A3804}
		{06F0AF23-445B-4C6F-9E19-570DA9B7435D} = {CFC8ECB3-5248-46CD-A56C-EC088F2A3804}
	EndGlobalSection
	GlobalSection(ProjectConfigurationPlatforms) = postSolution
		{FA6A118A-8D26-4B7A-9952-8504B8A0025B}.Debug|Any CPU.ActiveCfg = Debug|Any CPU
		{FA6A118A-8D26-4B7A-9952-8504B8A0025B}.Debug|Any CPU.Build.0 = Debug|Any CPU
		{FA6A118A-8D26-4B7A-9952-8504B8A0025B}.Release|Any CPU.ActiveCfg = Release|Any CPU
		{FA6A118A-8D26-4B7A-9952-8504B8A0025B}.Release|Any CPU.Build.0 = Release|Any CPU
		{BC102292-E664-47F5-B0C7-C4D7A2301002}.Debug|Any CPU.ActiveCfg = Debug|Any CPU
		{BC102292-E664-47F5-B0C7-C4D7A2301002}.Debug|Any CPU.Build.0 = Debug|Any CPU
		{BC102292-E664-47F5-B0C7-C4D7A2301002}.Release|Any CPU.ActiveCfg = Release|Any CPU
		{BC102292-E664-47F5-B0C7-C4D7A2301002}.Release|Any CPU.Build.0 = Release|Any CPU
		{8885149A-78F0-4C8E-B9AA-87A46EA69219}.Debug|Any CPU.ActiveCfg = Debug|Any CPU
		{8885149A-78F0-4C8E-B9AA-87A46EA69219}.Debug|Any CPU.Build.0 = Debug|Any CPU
		{8885149A-78F0-4C8E-B9AA-87A46EA69219}.Release|Any CPU.ActiveCfg = Release|Any CPU
		{8885149A-78F0-4C8E-B9AA-87A46EA69219}.Release|Any CPU.Build.0 = Release|Any CPU
		{C910495B-87AB-4AC1-989C-B6720695A139}.Debug|Any CPU.ActiveCfg = Debug|Any CPU
		{C910495B-87AB-4AC1-989C-B6720695A139}.Debug|Any CPU.Build.0 = Debug|Any CPU
		{C910495B-87AB-4AC1-989C-B6720695A139}.Release|Any CPU.ActiveCfg = Release|Any CPU
		{C910495B-87AB-4AC1-989C-B6720695A139}.Release|Any CPU.Build.0 = Release|Any CPU
		{CC389455-A3EA-4F09-B524-4DC351A1E1AA}.Debug|Any CPU.ActiveCfg = Debug|Any CPU
		{CC389455-A3EA-4F09-B524-4DC351A1E1AA}.Debug|Any CPU.Build.0 = Debug|Any CPU
		{CC389455-A3EA-4F09-B524-4DC351A1E1AA}.Release|Any CPU.ActiveCfg = Release|Any CPU
		{CC389455-A3EA-4F09-B524-4DC351A1E1AA}.Release|Any CPU.Build.0 = Release|Any CPU
		{5088DE77-1CE3-46FB-B9D0-27A6C9A5EED1}.Debug|Any CPU.ActiveCfg = Debug|Any CPU
		{5088DE77-1CE3-46FB-B9D0-27A6C9A5EED1}.Debug|Any CPU.Build.0 = Debug|Any CPU
		{5088DE77-1CE3-46FB-B9D0-27A6C9A5EED1}.Release|Any CPU.ActiveCfg = Release|Any CPU
		{5088DE77-1CE3-46FB-B9D0-27A6C9A5EED1}.Release|Any CPU.Build.0 = Release|Any CPU
		{5D5AD75A-8084-4738-AC56-B8A23E649452}.Debug|Any CPU.ActiveCfg = Debug|Any CPU
		{5D5AD75A-8084-4738-AC56-B8A23E649452}.Debug|Any CPU.Build.0 = Debug|Any CPU
		{5D5AD75A-8084-4738-AC56-B8A23E649452}.Release|Any CPU.ActiveCfg = Release|Any CPU
		{5D5AD75A-8084-4738-AC56-B8A23E649452}.Release|Any CPU.Build.0 = Release|Any CPU
		{A3BC8B2D-BE81-4614-963B-9313F74D89B4}.Debug|Any CPU.ActiveCfg = Debug|Any CPU
		{A3BC8B2D-BE81-4614-963B-9313F74D89B4}.Debug|Any CPU.Build.0 = Debug|Any CPU
		{A3BC8B2D-BE81-4614-963B-9313F74D89B4}.Release|Any CPU.ActiveCfg = Release|Any CPU
		{A3BC8B2D-BE81-4614-963B-9313F74D89B4}.Release|Any CPU.Build.0 = Release|Any CPU
		{FA6E73D6-32C4-453A-88C5-00E1AFFE1397}.Debug|Any CPU.ActiveCfg = Debug|Any CPU
		{FA6E73D6-32C4-453A-88C5-00E1AFFE1397}.Debug|Any CPU.Build.0 = Debug|Any CPU
		{FA6E73D6-32C4-453A-88C5-00E1AFFE1397}.Release|Any CPU.ActiveCfg = Release|Any CPU
		{FA6E73D6-32C4-453A-88C5-00E1AFFE1397}.Release|Any CPU.Build.0 = Release|Any CPU
		{25EE79E1-147B-42FD-AFEA-E1550EDD1D36}.Debug|Any CPU.ActiveCfg = Debug|Any CPU
		{25EE79E1-147B-42FD-AFEA-E1550EDD1D36}.Debug|Any CPU.Build.0 = Debug|Any CPU
		{25EE79E1-147B-42FD-AFEA-E1550EDD1D36}.Release|Any CPU.ActiveCfg = Release|Any CPU
		{25EE79E1-147B-42FD-AFEA-E1550EDD1D36}.Release|Any CPU.Build.0 = Release|Any CPU
		{06F0AF23-445B-4C6F-9E19-570DA9B7435D}.Debug|Any CPU.ActiveCfg = Debug|Any CPU
		{06F0AF23-445B-4C6F-9E19-570DA9B7435D}.Debug|Any CPU.Build.0 = Debug|Any CPU
		{06F0AF23-445B-4C6F-9E19-570DA9B7435D}.Release|Any CPU.ActiveCfg = Release|Any CPU
		{06F0AF23-445B-4C6F-9E19-570DA9B7435D}.Release|Any CPU.Build.0 = Release|Any CPU
	EndGlobalSection
EndGlobal
